
Microsoft Visual Studio Solution File, Format Version 12.00
# Visual Studio Version 16
VisualStudioVersion = 16.0.31129.286
MinimumVisualStudioVersion = 10.0.40219.1
Project("{FAE04EC0-301F-11D3-BF4B-00C04F79EFBC}") = "CollabLogin", "CollabLogin\CollabLogin\CollabLogin.csproj", "{885E10CC-2309-4E7E-965B-387FF682BB5F}"
EndProject
Project("{FAE04EC0-301F-11D3-BF4B-00C04F79EFBC}") = "CollabLogin.Android", "CollabLogin\CollabLogin.Android\CollabLogin.Android.csproj", "{3F0C7F49-EF60-480C-8A01-6EA12CCA037B}"
EndProject
Project("{FAE04EC0-301F-11D3-BF4B-00C04F79EFBC}") = "CollabLogin.iOS", "CollabLogin\CollabLogin.iOS\CollabLogin.iOS.csproj", "{6239D8AE-555C-460D-9AD0-E6B161F923B5}"
EndProject
Global
	GlobalSection(SolutionConfigurationPlatforms) = preSolution
		Ad-Hoc|Any CPU = Ad-Hoc|Any CPU
		Ad-Hoc|iPhone = Ad-Hoc|iPhone
		Ad-Hoc|iPhoneSimulator = Ad-Hoc|iPhoneSimulator
		AppStore|Any CPU = AppStore|Any CPU
		AppStore|iPhone = AppStore|iPhone
		AppStore|iPhoneSimulator = AppStore|iPhoneSimulator
		Debug|Any CPU = Debug|Any CPU
		Debug|iPhone = Debug|iPhone
		Debug|iPhoneSimulator = Debug|iPhoneSimulator
		Release|Any CPU = Release|Any CPU
		Release|iPhone = Release|iPhone
		Release|iPhoneSimulator = Release|iPhoneSimulator
	EndGlobalSection
	GlobalSection(ProjectConfigurationPlatforms) = postSolution
		{885E10CC-2309-4E7E-965B-387FF682BB5F}.Ad-Hoc|Any CPU.ActiveCfg = Debug|Any CPU
		{885E10CC-2309-4E7E-965B-387FF682BB5F}.Ad-Hoc|Any CPU.Build.0 = Debug|Any CPU
		{885E10CC-2309-4E7E-965B-387FF682BB5F}.Ad-Hoc|iPhone.ActiveCfg = Debug|Any CPU
		{885E10CC-2309-4E7E-965B-387FF682BB5F}.Ad-Hoc|iPhone.Build.0 = Debug|Any CPU
		{885E10CC-2309-4E7E-965B-387FF682BB5F}.Ad-Hoc|iPhoneSimulator.ActiveCfg = Debug|Any CPU
		{885E10CC-2309-4E7E-965B-387FF682BB5F}.Ad-Hoc|iPhoneSimulator.Build.0 = Debug|Any CPU
		{885E10CC-2309-4E7E-965B-387FF682BB5F}.AppStore|Any CPU.ActiveCfg = Debug|Any CPU
		{885E10CC-2309-4E7E-965B-387FF682BB5F}.AppStore|Any CPU.Build.0 = Debug|Any CPU
		{885E10CC-2309-4E7E-965B-387FF682BB5F}.AppStore|iPhone.ActiveCfg = Debug|Any CPU
		{885E10CC-2309-4E7E-965B-387FF682BB5F}.AppStore|iPhone.Build.0 = Debug|Any CPU
		{885E10CC-2309-4E7E-965B-387FF682BB5F}.AppStore|iPhoneSimulator.ActiveCfg = Debug|Any CPU
		{885E10CC-2309-4E7E-965B-387FF682BB5F}.AppStore|iPhoneSimulator.Build.0 = Debug|Any CPU
		{885E10CC-2309-4E7E-965B-387FF682BB5F}.Debug|Any CPU.ActiveCfg = Debug|Any CPU
		{885E10CC-2309-4E7E-965B-387FF682BB5F}.Debug|Any CPU.Build.0 = Debug|Any CPU
		{885E10CC-2309-4E7E-965B-387FF682BB5F}.Debug|iPhone.ActiveCfg = Debug|Any CPU
		{885E10CC-2309-4E7E-965B-387FF682BB5F}.Debug|iPhone.Build.0 = Debug|Any CPU
		{885E10CC-2309-4E7E-965B-387FF682BB5F}.Debug|iPhoneSimulator.ActiveCfg = Debug|Any CPU
		{885E10CC-2309-4E7E-965B-387FF682BB5F}.Debug|iPhoneSimulator.Build.0 = Debug|Any CPU
		{885E10CC-2309-4E7E-965B-387FF682BB5F}.Release|Any CPU.ActiveCfg = Release|Any CPU
		{885E10CC-2309-4E7E-965B-387FF682BB5F}.Release|Any CPU.Build.0 = Release|Any CPU
		{885E10CC-2309-4E7E-965B-387FF682BB5F}.Release|iPhone.ActiveCfg = Release|Any CPU
		{885E10CC-2309-4E7E-965B-387FF682BB5F}.Release|iPhone.Build.0 = Release|Any CPU
		{885E10CC-2309-4E7E-965B-387FF682BB5F}.Release|iPhoneSimulator.ActiveCfg = Release|Any CPU
		{885E10CC-2309-4E7E-965B-387FF682BB5F}.Release|iPhoneSimulator.Build.0 = Release|Any CPU
		{3F0C7F49-EF60-480C-8A01-6EA12CCA037B}.Ad-Hoc|Any CPU.ActiveCfg = Debug|Any CPU
		{3F0C7F49-EF60-480C-8A01-6EA12CCA037B}.Ad-Hoc|Any CPU.Build.0 = Debug|Any CPU
		{3F0C7F49-EF60-480C-8A01-6EA12CCA037B}.Ad-Hoc|Any CPU.Deploy.0 = Debug|Any CPU
		{3F0C7F49-EF60-480C-8A01-6EA12CCA037B}.Ad-Hoc|iPhone.ActiveCfg = Debug|Any CPU
		{3F0C7F49-EF60-480C-8A01-6EA12CCA037B}.Ad-Hoc|iPhone.Build.0 = Debug|Any CPU
		{3F0C7F49-EF60-480C-8A01-6EA12CCA037B}.Ad-Hoc|iPhone.Deploy.0 = Debug|Any CPU
		{3F0C7F49-EF60-480C-8A01-6EA12CCA037B}.Ad-Hoc|iPhoneSimulator.ActiveCfg = Debug|Any CPU
		{3F0C7F49-EF60-480C-8A01-6EA12CCA037B}.Ad-Hoc|iPhoneSimulator.Build.0 = Debug|Any CPU
		{3F0C7F49-EF60-480C-8A01-6EA12CCA037B}.Ad-Hoc|iPhoneSimulator.Deploy.0 = Debug|Any CPU
		{3F0C7F49-EF60-480C-8A01-6EA12CCA037B}.AppStore|Any CPU.ActiveCfg = Debug|Any CPU
		{3F0C7F49-EF60-480C-8A01-6EA12CCA037B}.AppStore|Any CPU.Build.0 = Debug|Any CPU
		{3F0C7F49-EF60-480C-8A01-6EA12CCA037B}.AppStore|Any CPU.Deploy.0 = Debug|Any CPU
		{3F0C7F49-EF60-480C-8A01-6EA12CCA037B}.AppStore|iPhone.ActiveCfg = Debug|Any CPU
		{3F0C7F49-EF60-480C-8A01-6EA12CCA037B}.AppStore|iPhone.Build.0 = Debug|Any CPU
		{3F0C7F49-EF60-480C-8A01-6EA12CCA037B}.AppStore|iPhone.Deploy.0 = Debug|Any CPU
		{3F0C7F49-EF60-480C-8A01-6EA12CCA037B}.AppStore|iPhoneSimulator.ActiveCfg = Debug|Any CPU
		{3F0C7F49-EF60-480C-8A01-6EA12CCA037B}.AppStore|iPhoneSimulator.Build.0 = Debug|Any CPU
		{3F0C7F49-EF60-480C-8A01-6EA12CCA037B}.AppStore|iPhoneSimulator.Deploy.0 = Debug|Any CPU
		{3F0C7F49-EF60-480C-8A01-6EA12CCA037B}.Debug|Any CPU.ActiveCfg = Debug|Any CPU
		{3F0C7F49-EF60-480C-8A01-6EA12CCA037B}.Debug|Any CPU.Build.0 = Debug|Any CPU
		{3F0C7F49-EF60-480C-8A01-6EA12CCA037B}.Debug|Any CPU.Deploy.0 = Debug|Any CPU
		{3F0C7F49-EF60-480C-8A01-6EA12CCA037B}.Debug|iPhone.ActiveCfg = Debug|Any CPU
		{3F0C7F49-EF60-480C-8A01-6EA12CCA037B}.Debug|iPhone.Build.0 = Debug|Any CPU
		{3F0C7F49-EF60-480C-8A01-6EA12CCA037B}.Debug|iPhone.Deploy.0 = Debug|Any CPU
		{3F0C7F49-EF60-480C-8A01-6EA12CCA037B}.Debug|iPhoneSimulator.ActiveCfg = Debug|Any CPU
		{3F0C7F49-EF60-480C-8A01-6EA12CCA037B}.Debug|iPhoneSimulator.Build.0 = Debug|Any CPU
		{3F0C7F49-EF60-480C-8A01-6EA12CCA037B}.Debug|iPhoneSimulator.Deploy.0 = Debug|Any CPU
		{3F0C7F49-EF60-480C-8A01-6EA12CCA037B}.Release|Any CPU.ActiveCfg = Release|Any CPU
		{3F0C7F49-EF60-480C-8A01-6EA12CCA037B}.Release|Any CPU.Build.0 = Release|Any CPU
		{3F0C7F49-EF60-480C-8A01-6EA12CCA037B}.Release|Any CPU.Deploy.0 = Release|Any CPU
		{3F0C7F49-EF60-480C-8A01-6EA12CCA037B}.Release|iPhone.ActiveCfg = Release|Any CPU
		{3F0C7F49-EF60-480C-8A01-6EA12CCA037B}.Release|iPhone.Build.0 = Release|Any CPU
		{3F0C7F49-EF60-480C-8A01-6EA12CCA037B}.Release|iPhone.Deploy.0 = Release|Any CPU
		{3F0C7F49-EF60-480C-8A01-6EA12CCA037B}.Release|iPhoneSimulator.ActiveCfg = Release|Any CPU
		{3F0C7F49-EF60-480C-8A01-6EA12CCA037B}.Release|iPhoneSimulator.Build.0 = Release|Any CPU
		{3F0C7F49-EF60-480C-8A01-6EA12CCA037B}.Release|iPhoneSimulator.Deploy.0 = Release|Any CPU
		{6239D8AE-555C-460D-9AD0-E6B161F923B5}.Ad-Hoc|Any CPU.ActiveCfg = Ad-Hoc|iPhoneSimulator
		{6239D8AE-555C-460D-9AD0-E6B161F923B5}.Ad-Hoc|iPhone.ActiveCfg = Ad-Hoc|iPhone
		{6239D8AE-555C-460D-9AD0-E6B161F923B5}.Ad-Hoc|iPhone.Build.0 = Ad-Hoc|iPhone
		{6239D8AE-555C-460D-9AD0-E6B161F923B5}.Ad-Hoc|iPhoneSimulator.ActiveCfg = Ad-Hoc|iPhoneSimulator
		{6239D8AE-555C-460D-9AD0-E6B161F923B5}.Ad-Hoc|iPhoneSimulator.Build.0 = Ad-Hoc|iPhoneSimulator
		{6239D8AE-555C-460D-9AD0-E6B161F923B5}.AppStore|Any CPU.ActiveCfg = AppStore|iPhoneSimulator
		{6239D8AE-555C-460D-9AD0-E6B161F923B5}.AppStore|iPhone.ActiveCfg = AppStore|iPhone
		{6239D8AE-555C-460D-9AD0-E6B161F923B5}.AppStore|iPhone.Build.0 = AppStore|iPhone
		{6239D8AE-555C-460D-9AD0-E6B161F923B5}.AppStore|iPhoneSimulator.ActiveCfg = AppStore|iPhoneSimulator
		{6239D8AE-555C-460D-9AD0-E6B161F923B5}.AppStore|iPhoneSimulator.Build.0 = AppStore|iPhoneSimulator
		{6239D8AE-555C-460D-9AD0-E6B161F923B5}.Debug|Any CPU.ActiveCfg = Debug|iPhoneSimulator
		{6239D8AE-555C-460D-9AD0-E6B161F923B5}.Debug|iPhone.ActiveCfg = Debug|iPhone
		{6239D8AE-555C-460D-9AD0-E6B161F923B5}.Debug|iPhone.Build.0 = Debug|iPhone
		{6239D8AE-555C-460D-9AD0-E6B161F923B5}.Debug|iPhoneSimulator.ActiveCfg = Debug|iPhoneSimulator
		{6239D8AE-555C-460D-9AD0-E6B161F923B5}.Debug|iPhoneSimulator.Build.0 = Debug|iPhoneSimulator
		{6239D8AE-555C-460D-9AD0-E6B161F923B5}.Release|Any CPU.ActiveCfg = Release|iPhoneSimulator
		{6239D8AE-555C-460D-9AD0-E6B161F923B5}.Release|iPhone.ActiveCfg = Release|iPhone
		{6239D8AE-555C-460D-9AD0-E6B161F923B5}.Release|iPhone.Build.0 = Release|iPhone
		{6239D8AE-555C-460D-9AD0-E6B161F923B5}.Release|iPhoneSimulator.ActiveCfg = Release|iPhoneSimulator
		{6239D8AE-555C-460D-9AD0-E6B161F923B5}.Release|iPhoneSimulator.Build.0 = Release|iPhoneSimulator
	EndGlobalSection
	GlobalSection(SolutionProperties) = preSolution
		HideSolutionNode = FALSE
	EndGlobalSection
	GlobalSection(ExtensibilityGlobals) = postSolution
		SolutionGuid = {9AD80AA1-A782-4CC3-96D1-CCFD7DD1EEFA}
	EndGlobalSection
EndGlobal
